cel.dev/expr v0.25.1 h1:1KrZg61W6TWSxuNZ37Xy49ps13NUovb66QLprthtwi4=
cel.dev/expr v0.25.1/go.mod h1:hrXvqGP6G6gyx8UAHSHJ5RGk//1Oj5nXQ2NI02Nrsg4=
cloud.google.com/go v0.123.0 h1:2NAUJwPR47q+E35uaJeYoNhuNEM9kM8SjgRgdeOJUSE=
cloud.google.com/go v0.123.0/go.mod h1:xBoMV08QcqUGuPW65Qfm1o9Y4zKZBpGS+7bImXLTAZU=
cloud.google.com/go/accessapproval v1.13.0/go.mod h1:7bmInw17bQX+ZPi7YmReC3xKymDrMmxXaUnaI6zQOqI=
cloud.google.com/go/accesscontextmanager v1.14.0/go.mod h1:VO15iVnsM0FO9Dt8hSFPgkuHRZjq6LEYZq1szJ27U2k=
cloud.google.com/go/aiplatform v1.125.0/go.mod h1:yWTZiCunYDnyxeWWD14tDo6+BMlvAUCC5VxuxhvbrVI=
cloud.google.com/go/analytics v0.35.0/go.mod h1:V9Qef2N0y8GDqQ9FTlmM2XpDEMYonZJRPSUNGZlPCcc=
cloud.google.com/go/apigateway v1.12.0/go.mod h1:f3Sk8Tdh1Ty5HR7kgbWB6Yu1M82LM+nIr5DTMZnLZWk=
cloud.google.com/go/apigeeconnect v1.12.0/go.mod h1:mYJekCKZHc2ia5yZX5lwtexTn9CzsOfb6+sh/2hi42Q=
cloud.google.com/go/apigeeregistry v1.0.0/go.mod h1:o+j6eA8hYhTWX5gEqMMBVDWY+/QQFrYe/YJBsO19pn0=
cloud.google.com/go/appengine v1.14.0/go.mod h1:JMjrVFg+YgfksZCWbtA3TgbKbPfZZtapB9cGL/5WVnM=
cloud.google.com/go/area120 v0.15.0/go.mod h1:jD1fw9W4xxIZMY68g7PpbCPleoeGddFs5jPcdhfg3+Y=
cloud.google.com/go/artifactregistry v1.25.0/go.mod h1:aMmdtqKVmbuxCCb/NGDJYZHsK6AtqlcyvD05ACzs1n8=
cloud.google.com/go/asset v1.27.0/go.mod h1:+HaDReZQAh/0syAf0uTMeUrMfXikr+KKyDtCdvf7j4M=
cloud.google.com/go/assuredworkloads v1.18.0/go.mod h1:zBnVYn0E+sDW/mhEmcg1R8+8tguXrtBgmfGY0q34kss=
cloud.google.com/go/auth v0.20.0 h1:kXTssoVb4azsVDoUiF8KvxAqrsQcQtB53DcSgta74CA=
cloud.google.com/go/auth v0.20.0/go.mod h1:942/yi/itH1SsmpyrbnTMDgGfdy2BUqIKyd0cyYLc5Q=
cloud.google.com/go/auth/oauth2adapt v0.2.8 h1:keo8NaayQZ6wimpNSmW5OPc283g65QNIiLpZnkHRbnc=
cloud.google.com/go/auth/oauth2adapt v0.2.8/go.mod h1:XQ9y31RkqZCcwJWNSx2Xvric3RrU88hAYYbjDWYDL+c=
cloud.google.com/go/automl v1.20.0/go.mod h1:OkHxjbVDblDafhwuP8yEkz1xcUJhgcbhbsieCW7GaiI=
cloud.google.com/go/baremetalsolution v1.9.0/go.mod h1:o+stutiS8t+HmjNIG92Gkn8H9+5/q27d6lQp7e9GWdg=
cloud.google.com/go/batch v1.19.0/go.mod h1:dpWfhLmLQZqsTBAFYjZA3pS04fCY5ttTenZcWmSeILw=
cloud.google.com/go/beyondcorp v1.7.0/go.mod h1:vujdO0wfsBV2y1egrJxGtwKZr5P5V6bIHKWp1phWHBY=
cloud.google.com/go/bigquery v1.77.0 h1:L5AW3jhzEKpFVg4i0mVHxKpxogrqT7dczWBSr4m9MKU=
cloud.google.com/go/bigquery v1.77.0/go.mod h1:J4wuqka/1hEpdJxH2oBrUR0vjTD+r7drGkpcA3yqERM=
cloud.google.com/go/bigtable v1.47.0/go.mod h1:GUM6PdkG3rrDse9kugqvX5+ktwo3ldfLtLi1VFn5Wj4=
cloud.google.com/go/billing v1.26.0/go.mod h1:axqDO1uHegh7u5qngkTfqN1djAeLGsWAFAblERgmgEk=
cloud.google.com/go/binaryauthorization v1.15.0/go.mod h1:+0CndCJPtcHuVCNok+qQskWvbP5Sp5m6eGL8Vpu5mss=
cloud.google.com/go/certificatemanager v1.14.0/go.mod h1:QOA8qRoM6/Ik03+srLnBykenGTy0fk78dnPcx5ZWOW8=
cloud.google.com/go/channel v1.26.0/go.mod h1:04T5Wjq+mHlvEUNzExydnBW1vO64q3Q2Wsblp/dpBxY=
cloud.google.com/go/cloudbuild v1.30.0/go.mod h1:rg52xEmndQQPiC9NV/8sCaVtKxHMU9D9MeU+oE9VGKA=
cloud.google.com/go/clouddms v1.13.0/go.mod h1:aMgrOZ+/EKF/PL+h1sDbS+7fAIYV5rTwD+G/apCeHQk=
cloud.google.com/go/cloudtasks v1.18.0/go.mod h1:3KeCxwtGEyaySL7CR3lMmEa2I4mq1ynXdgmfNiO4RYE=
cloud.google.com/go/compute v1.63.0/go.mod h1:Xm6PbsLgBpAg4va77ljbBdpMjzuU+uPp5Ze2dnZq7lw=
cloud.google.com/go/compute/metadata v0.9.0 h1:pDUj4QMoPejqq20dK0Pg2N4yG9zIkYGdBtwLoEkH9Zs=
cloud.google.com/go/compute/metadata v0.9.0/go.mod h1:E0bWwX5wTnLPedCKqk3pJmVgCBSM6qQI1yTBdEb3C10=
cloud.google.com/go/contactcenterinsights v1.22.0/go.mod h1:2Crd36H59Lwkt4gWrLgmnbnF59IIZIa3XYt1gtNqJkQ=
cloud.google.com/go/container v1.49.0/go.mod h1:EvqoT2eXfxLweXXUlhAMGR0sOAB00XPzEjoL01esSDs=
cloud.google.com/go/containeranalysis v0.19.0/go.mod h1:Zq0XHzUIa0oTa7H6aSR8HWqeJnoRI9syUcYJzfozjZQ=
cloud.google.com/go/datacatalog v1.32.0 h1:fyYn8ODkGil5y3zTIqgIhOfzTu1ACaU2o+C750CO6Ac=
cloud.google.com/go/datacatalog v1.32.0/go.mod h1:DE272tynQUwheJeQAyVfV+nO8yrdkuDyOgH2LtOrkWM=
cloud.google.com/go/dataflow v0.16.0/go.mod h1:BWhSrIGmsMfuYj3J+nJ2Tw7tplRR6r28kvRiqCD3WlQ=
cloud.google.com/go/dataform v1.0.0/go.mod h1:i1a0zkS751kvrY1IIPpUQZ77H5doxx7cs0AP3hnXTMk=
cloud.google.com/go/datafusion v1.13.0/go.mod h1:MQdANs3I/4gitzY+mTBx27rrQyMiUg8uc2Z4TPLWWfc=
cloud.google.com/go/datalabeling v0.14.0/go.mod h1:DYjvP4RhQ0332YgO22APYlBjCebb+SCaS0e2KApDq/Q=
cloud.google.com/go/dataplex v1.34.0/go.mod h1:sOazL+Bs/PTxiMHQ5yBboBvEW9qPrpGogx3+RAgfIt8=
cloud.google.com/go/dataproc/v2 v2.22.0/go.mod h1:oARVSa38kAHvSuG+cozsrY2sE6UajGuvOOf9vS+ADHI=
cloud.google.com/go/dataqna v0.13.0/go.mod h1:XiVVFTOEJLBSvm3ILbyjXngGQYpjb/66MSksqz/56fs=
cloud.google.com/go/datastore v1.23.0/go.mod h1:bOvQQekv4VACRJmH/MBy12MT6M3udfTuCyxw+tzY+8s=
cloud.google.com/go/datastream v1.20.0/go.mod h1:uoWTtfP20W8MXuV2DPcl5zqnVsxQ9QEmmBHX858oYTQ=
cloud.google.com/go/deploy v1.32.0/go.mod h1:lUG7maG/NkoTXmQ8G1mtcVymnbizfDJh6ER7vljVa/U=
cloud.google.com/go/dialogflow v1.82.0/go.mod h1:UtuiGOq9gAlTz9u4Vt+q1syMrx9ANQzTk+lC3WDdSOw=
cloud.google.com/go/dlp v1.34.0/go.mod h1:+haQd/n0QTv5BK7wZnCk2qctd5sfKL50jjh9E6N0d/Q=
cloud.google.com/go/documentai v1.48.0/go.mod h1:mGjfbNf0cqCHKgxMZZV7frbfoF9T2hKkU1h88QyOy3c=
cloud.google.com/go/domains v0.15.0/go.mod h1:BjoSVNc+LVwoHMnE2fxTQNzGLSWWb6f3a8VAN6+VjVk=
cloud.google.com/go/edgecontainer v1.9.0/go.mod h1:mZmgXuMGTGI6RUUTXsOZa+F2rFF21v0JPnuX7LQEqBE=
cloud.google.com/go/errorreporting v0.9.0/go.mod h1:V7ojx7z76JITDZNGyDNkIIa9nNEkQzF6Yj+VHl2YF84=
cloud.google.com/go/essentialcontacts v1.12.0/go.mod h1:W8fTL17jP6vmsPHQaCT5rOjWGohEssuqDUroxnjST0A=
cloud.google.com/go/eventarc v1.23.0/go.mod h1:tIJL0hoWtZXVa5MjcAep/4xB+AXz4AbqQV14ogX5VwU=
cloud.google.com/go/filestore v1.15.0/go.mod h1:oD+PvCWu4HqfEdNv65yk2XaLIiP7h4AuAH9Ua5YBRTM=
cloud.google.com/go/firestore v1.22.0/go.mod h1:PaM4i7i7ruALSKmlpHXXZaPObcZw0W7ie5UOPr72iTU=
cloud.google.com/go/functions v1.24.0/go.mod h1:t40GeqBAQNuqKlHCxmV/pxhyYJnImLcvRa3GBv4tAy0=
cloud.google.com/go/gkebackup v1.13.0/go.mod h1:D2MDbHW4V/uKCmS9TnT8hNKX2tPkE/pWp9nSm0TQ9hY=
cloud.google.com/go/gkeconnect v1.0.0/go.mod h1:5iWSBQzMIRLwUHUWVhxxcNK45ZPE8ntyBgE0MkavlqQ=
cloud.google.com/go/gkehub v0.21.0/go.mod h1:xKePlMrI8LpKErzKMWdH/yQv+GDV60ypCNfTTdT+BN0=
cloud.google.com/go/gkemulticloud v1.11.0/go.mod h1:OtfHtgqOgDrXfcdFw8eUkCUI154Q51vvdqZYZV4c4qM=
cloud.google.com/go/gsuiteaddons v1.12.0/go.mod h1:rm/XT7wmwOFGn7jmWtVV65QmZCakzTbHLSojIC4Hskg=
cloud.google.com/go/iam v1.11.0 h1:KieQ9Pb+LLPak1O3Rv3GgCxhnmkYf7Xyh0P5HfF1jFM=
cloud.google.com/go/iam v1.11.0/go.mod h1:KP+nKGugNJW4LcLx1uEZcq1ok5sQHFaQehQNl4QDgV4=
cloud.google.com/go/iap v1.17.0/go.mod h1:b+r+yjrss2WmAEzNrQQjlEdD5E9B8c47mOF7XnqT+z0=
cloud.google.com/go/ids v1.10.0/go.mod h1:uCSFrXfCnRUKBl5PdE/ZqBNp1+vKSKPWpdYGa61WjpQ=
cloud.google.com/go/iot v1.13.0/go.mod h1:62W4n2fe/Ct66NWJEfCB5suZ3XsL5Atx+MxFjScr+9s=
cloud.google.com/go/kms v1.31.0/go.mod h1:YIyXZym11R5uovJJt4oN5eUL3oPmirF3yKeIh6QAf4U=
cloud.google.com/go/language v1.18.0/go.mod h1:xSeiVB4UiA9wYmFy2GWjf1Mb1K3uR1Yi/80qoqTxH04=
cloud.google.com/go/lifesciences v0.15.0/go.mod h1:FwS+QkqPdVWl4SmKUCFozFvsTVWTLH13HCKcwR/MR9U=
cloud.google.com/go/logging v1.18.0 h1:KhzZq+1cSkPH9YUaKLLhLtQxIHitVayBmk0sGfoM9+k=
cloud.google.com/go/logging v1.18.0/go.mod h1:ZGKnpBaURITh+g/uom2VhbiFoFWvejcrHPDhxFtU/gI=
cloud.google.com/go/longrunning v1.2.0 h1:WjYH3YHBGCxGJP9M4dWGHBfXr/cFIjMkNgWcJj7/iMM=
cloud.google.com/go/longrunning v1.2.0/go.mod h1:5KMQALFGOCtFoi2xSOA1u3H7WKlhmckgiyFw7+LGQp0=
cloud.google.com/go/managedidentities v1.12.0/go.mod h1:rm72jf/v//0NG73VQNZM1JlV2E95uhJymmSXlgi6hMA=
cloud.google.com/go/maps v1.35.0/go.mod h1:HH1V8tduMn+b9oRMCdl3vok98uvHco/wElZXyJQ/9kU=
cloud.google.com/go/mediatranslation v0.13.0/go.mod h1:kjZrowuigFr+Bf1HM1TCtp1a3E3kfG1ovPK5VEuaNAQ=
cloud.google.com/go/memcache v1.16.0/go.mod h1:y/rXhJiieCF742K958dY29fSfM+Y3wh2thRmWspU2Dg=
cloud.google.com/go/metastore v1.19.0/go.mod h1:JGTjGdQ627m2ptDo86XsIKqzzZCk+GG41VEFD7ENsqs=
cloud.google.com/go/monitoring v1.29.0 h1:AHhDsFaSax1/4k+qlIDX/SDGe6hggnfXJ9dkgD9qBPY=
cloud.google.com/go/monitoring v1.29.0/go.mod h1:72NOVjJXHY/HBfoLT0+qlCZBT059+9VXLeAnL2PeeVM=
cloud.google.com/go/networkconnectivity v1.26.0/go.mod h1:Uhzfk7NbiY6RNqV9XFvPWRji58+MkTYsTRfQ3EPtrGg=
cloud.google.com/go/networkmanagement v1.28.0/go.mod h1:2YogSU3sD7LvtmWntUAuGARbFQmy3A0En3LrJr69jkU=
cloud.google.com/go/networksecurity v0.16.0/go.mod h1:LMn10eRVf4K85PMF33yRoKAra7VhCOetxFcLDMh9A74=
cloud.google.com/go/notebooks v1.17.0/go.mod h1:NScGIhfQCqLRIlVaUVbm595F6dhqiTl5XS1KaKgitKM=
cloud.google.com/go/optimization v1.11.0/go.mod h1:qCWskZMcynh0GBsUrCP6oPwwnUhbwg5UcXvVM9hzOD8=
cloud.google.com/go/orchestration v1.16.0/go.mod h1:H7MFVP8Z/dtml39nf43sWYPL/2o7J4tdSZAlJrBuqnQ=
cloud.google.com/go/orgpolicy v1.20.0/go.mod h1:9LHqEGx5P5dhansdKTNIEXpM+QbebAIOs66+HUID4aQ=
cloud.google.com/go/osconfig v1.21.0/go.mod h1:BofnHqjjvu6lZQv/hqo2+rLCUiY4O6A9UYwwvVrSBjk=
cloud.google.com/go/oslogin v1.18.0/go.mod h1:3Oa36T3781Mv+yCSVYlfasi7auHjfPFqvNOd1q92umc=
cloud.google.com/go/phishingprotection v0.13.0/go.mod h1:2gyYqwNjePPEocXDkDve3EuJPaRqN/E7fp28K3arR0k=
cloud.google.com/go/policytroubleshooter v1.15.0/go.mod h1:yNuROjN6h+2/TE2JOvBBJMjYIjC6j0UYHq8f2kVHlA4=
cloud.google.com/go/privatecatalog v0.15.0/go.mod h1:av2b5Rv+oG5ORxUqGlCAYO9s4pXjgc6q2qO9nkTcqT8=
cloud.google.com/go/pubsub v1.50.2/go.mod h1:jyCWeZdGFqd4mitSsBERnJcpqaHBsxQoPkNvjj4sp0w=
cloud.google.com/go/pubsub/v2 v2.5.1/go.mod h1:Pd+qeabMX+576vQJhTN7TelE4k6kJh15dLU/ptOQ/UA=
cloud.google.com/go/pubsublite v1.8.2/go.mod h1:4r8GSa9NznExjuLPEJlF1VjOPOpgf3IT6k8x/YgaOPI=
cloud.google.com/go/recaptchaenterprise/v2 v2.26.0/go.mod h1:+ntF70/j7qBa6G/pwmYA0mkBcDeTCXV6WDqUL7GObfs=
cloud.google.com/go/recommendationengine v0.14.0/go.mod h1:UP9cN46tDpZ/N57eDYIWeIRHjMOchtiIyjWjV0Dvr3k=
cloud.google.com/go/recommender v1.18.0/go.mod h1:INRBLfBQJCrgPqjBVFht4OjaFq/WhB/c5V1sqBOdX8g=
cloud.google.com/go/redis v1.23.0/go.mod h1:EUlUT24BAL6LsE1f/N9Bg3LhRCfH+LzwLGbst3KuZRw=
cloud.google.com/go/resourcemanager v1.15.0/go.mod h1:ve0VNxPoDU6XxDuEMCjkineb0YzXQXx3mOWwnNckGDE=
cloud.google.com/go/resourcesettings v1.8.3/go.mod h1:BzgfXFHIWOOmHe6ZV9+r3OWfpHJgnqXy8jqwx4zTMLw=
cloud.google.com/go/retail v1.31.0/go.mod h1:sfq/cT+gfSLuURf/mdVAw5n0pav3hxSP1rT8RfL7Qxk=
cloud.google.com/go/run v1.21.0 h1:gQJUy0//XNXXpiZs42KlbLPhbycxbpS2QymGRFlPXv4=
cloud.google.com/go/run v1.21.0/go.mod h1:Z5wHbyFirI8XU48EPs5XJf/qmVm1SXZEhuS8EvZOuQU=
cloud.google.com/go/scheduler v1.16.0/go.mod h1:0hsZg0MZJADyke1lutI0FHAYJR8Dtm8oIivXkmpACkA=
cloud.google.com/go/secretmanager v1.20.0/go.mod h1:9OmSuOeiiUicANglrbdKWSnT3gYkRcXuUQDk7dDW0zU=
cloud.google.com/go/security v1.24.0/go.mod h1:XaB3p0SE7v2bBitsLBb1hM6R8/oI/k/IujpXFJalFK0=
cloud.google.com/go/securitycenter v1.44.0/go.mod h1:7BMMbSTAddVfiE+HrC8tKS6SuRkyK7FRPlkpAZBRV3U=
cloud.google.com/go/servicedirectory v1.17.0/go.mod h1:CtgjXS1idj3s9Q6tB68021Rzk8Q6decV6+ldXC1BoBk=
cloud.google.com/go/shell v1.12.0/go.mod h1:TivWrVriy6xQ0wBjNJJridJgODZz8zXUEW2u48kynzY=
cloud.google.com/go/spanner v1.91.0/go.mod h1:8NB5a7qgwIhGD19Ly+vkpKffPL78vIG9RcrgsuREha0=
cloud.google.com/go/speech v1.35.0/go.mod h1:shnf33sZbGnQQZyek1fdLOR5rRKV6D3jsNqpqyijvj8=
cloud.google.com/go/storage v1.63.1 h1:CYXILV9G4CH0C18IQ9+V0h4XiqD2LhKnMLO0o7uJWNs=
cloud.google.com/go/storage v1.63.1/go.mod h1:lWyAtwvDZHdL3k68WVKbESP6bmWaV23ZJJ/JEVw/ZaQ=
cloud.google.com/go/storagetransfer v1.18.0/go.mod h1:AbGutEym/KNasoiDpSj/CYbigp5yhgosSgwlhGvQNs4=
cloud.google.com/go/talent v1.13.0/go.mod h1:GSwli9V25WQdzeuJDJWH9TlQmA8lPFn7yKsxowdxW9Y=
cloud.google.com/go/texttospeech v1.21.0/go.mod h1:p/UVJILAo/S5vsJaWZVdDRzNzA7wXIA+hTACvpMeOBk=
cloud.google.com/go/tpu v1.13.0/go.mod h1:F5gT5BL22Dhsr05JLHdMjAjj+wcTn3Xtuu4jvq9yFug=
cloud.google.com/go/trace v1.16.0 h1:GmQovzFc5F0CNfl0VLgL64aoTtu7xsM0YajW2GlG9+E=
cloud.google.com/go/trace v1.16.0/go.mod h1:r+bdAn16dKLSV1G2D5v3e58IlQlizfxWrUfjx7kM7X0=
cloud.google.com/go/translate v1.17.0/go.mod h1:3mErnHTQBu9yeLiL35K0HBBuaM6Vk2fD/vyWFz790VU=
cloud.google.com/go/video v1.32.0/go.mod h1:KxDL728ZzH+FJwtEb9XkiLTETW5bI37hTWbJiRYeXkk=
cloud.google.com/go/videointelligence v1.16.0/go.mod h1:mmX1JpIWzwozaigrdRNjikZc3aFLNHFKh+OFwAdfiW4=
cloud.google.com/go/vision/v2 v2.14.0/go.mod h1:ODlLCajJOq4t8thoi1uVvbnfIfix73HsYWhZuIveagQ=
cloud.google.com/go/vmmigration v1.15.0/go.mod h1:MP6mQ21ru1usBeCbl805Ioz0Fy+yf3qK2kUkhZ69QQY=
cloud.google.com/go/vmwareengine v1.8.0/go.mod h1:e66l90IZhm1yQfYZv+YCWjSNSklQZCRmuEvKL8n3Ua0=
cloud.google.com/go/vpcaccess v1.13.0/go.mod h1:4Uus6E/9FYUtIrwBE1wJ1RosKwb02H6kEd9puJ02TL8=
cloud.google.com/go/webrisk v1.16.0/go.mod h1:VIQw8smiaMOlget/xOk6niTkNJTiQc5skEmCuAksxJc=
cloud.google.com/go/websecurityscanner v1.12.0/go.mod h1:cZSc9HqoFdccL1mqZtPIInOd4R8PBGwI20wdnrz6AO8=
cloud.google.com/go/workflows v1.19.0/go.mod h1:TWsrDGgsJy7xAJ07byzHhKKehEWItJG3BivEHVhGH5g=
github.com/DataDog/datadog-api-client-go/v2 v2.55.0 h1:wRwBJJpNRoyBJXdKtInfHXeXIo+nTn5DSIayaovRYVY=
github.com/DataDog/datadog-api-client-go/v2 v2.55.0/go.mod h1:d3tOEgUd2kfsr9uuHQdY+nXrWp4uikgTgVCPdKNK30U=
github.com/DataDog/zstd v1.5.2 h1:vUG4lAyuPCXO0TLbXvPv7EB7cNK1QV/luu55UHLrrn8=
github.com/DataDog/zstd v1.5.2/go.mod h1:g4AWEaM3yOg3HYfnJ3YIawPnVdXJh9QME85blwSAmyw=
github.com/GoogleCloudPlatform/opentelemetry-operations-go/detectors/gcp v1.32.0 h1:rIkQfkCOVKc1OiRCNcSDD8ml5RJlZbH/Xsq7lbpynwc=
github.com/GoogleCloudPlatform/opentelemetry-operations-go/detectors/gcp v1.32.0/go.mod h1:RD2SsorTmYhF6HkTmDw7KmPYQk8OBYwTkuasChwv7R4=
github.com/GoogleCloudPlatform/opentelemetry-operations-go/exporter/metric v0.57.0 h1:jLdiS1vO+XJFyDSWRHBx56r4s/NNtcl5J6KyCcWUX/w=
github.com/GoogleCloudPlatform/opentelemetry-operations-go/exporter/metric v0.57.0/go.mod h1:8lmpHY+1VRoteiOwyrQMDt1YGXOrFKCz+1wJW7n3ODY=
github.com/GoogleCloudPlatform/opentelemetry-operations-go/internal/cloudmock v0.57.0 h1:cSjUzZ7KU8hicTgzaSv9NmSyM9fTVK3y5lsBUl3wOis=
github.com/GoogleCloudPlatform/opentelemetry-operations-go/internal/cloudmock v0.57.0/go.mod h1:dzcEjy1WJ0Q4u9twNR3LcLhNoYMRCrMCMafpxa0TjPQ=
github.com/GoogleCloudPlatform/opentelemetry-operations-go/internal/resourcemapping v0.57.0 h1:RoO5+d7uCmDqovLrHCr2/BuViUXvdcrNxyNM1pN9dDQ=
github.com/GoogleCloudPlatform/opentelemetry-operations-go/internal/resourcemapping v0.57.0/go.mod h1:YqwkQPrWSC7+byyc1VlKbWLBF5JsW5IoL6xUkemYSXk=
github.com/JohnCGriffin/overflow v0.0.0-20211019200055-46fa312c352c/go.mod h1:X0CRv0ky0k6m906ixxpzmDRLvX58TFUKS2eePweuyxk=
github.com/Microsoft/go-winio v0.6.2/go.mod h1:yd8OoFMLzJbo9gZq8j5qaps8bJ9aShtEA8Ipt1oGCvU=
github.com/alecthomas/participle/v2 v2.1.0/go.mod h1:Y1+hAs8DHPmc3YUFzqllV+eSQ9ljPTk0ZkPMtEdAx2c=
github.com/andybalholm/brotli v1.0.5/go.mod h1:fO7iG3H7G2nSZ7m0zPUDn85XEX2GTukHGRSepvi9Eig=
github.com/apache/arrow/go/v15 v15.0.2 h1:60IliRbiyTWCWjERBCkO1W4Qun9svcYoZrSLcyOsMLE=
github.com/apache/arrow/go/v15 v15.0.2/go.mod h1:DGXsR3ajT524njufqf95822i+KTh+yea1jass9YXgjA=
github.com/apache/thrift v0.17.0/go.mod h1:OLxhMRJxomX+1I/KUw03qoV3mMz16BwaKI+d4fPBx7Q=
github.com/aws/aws-sdk-go-v2 v1.42.1 h1:9eOTgu1z/dVtYpNZ3/8/XbbaX0x/BqE3HUzAzs6K0ek=
github.com/aws/aws-sdk-go-v2 v1.42.1/go.mod h1:5pKeft2eJj+gElQ38Jqg4ibCqh+/AK33/0X3hip7IjM=
github.com/aws/aws-sdk-go-v2/aws/protocol/eventstream v1.7.14 h1:3IZY0XAJquT3aHzbkHfPzy4ACPcEjVG0x87KOwtpqGY=
github.com/aws/aws-sdk-go-v2/aws/protocol/eventstream v1.7.14/go.mod h1:zwM6veDkhGgQFqkBy+uT28AAYpLu+uFMlPl+rCg/73E=
github.com/aws/aws-sdk-go-v2/config v1.32.29 h1:BcMHHnpiWKogf+gGfpj3K1w+Sktz29XDo/cPSAPO3FU=
github.com/aws/aws-sdk-go-v2/config v1.32.29/go.mod h1:+Kbhn8Es4kPUph3F/0W7avykytc+Jh2Ld9/msv9ljV4=
github.com/aws/aws-sdk-go-v2/credentials v1.19.28 h1:zTXJSsNcoO91/mTXsZoYf0AK8dvNPiA58/VtyGXR+wM=
github.com/aws/aws-sdk-go-v2/credentials v1.19.28/go.mod h1:Kd9E0JzDBW/q1xbsHFrev/GnbAf5J0Ng8xoyc7HZ91Q=
github.com/aws/aws-sdk-go-v2/feature/dynamodb/attributevalue v1.20.51 h1:pVJCWZVlf77zOEuxPnR69pLX97Se+d2zPIQoGnbBFJo=
github.com/aws/aws-sdk-go-v2/feature/dynamodb/attributevalue v1.20.51/go.mod h1:OiabLK2FGV8RWdXw7eZzfyHkAsI9KaFSYg5OwyDQju8=
github.com/aws/aws-sdk-go-v2/feature/ec2/imds v1.18.30 h1:/hi1JADLEW9YYryEz1w4GQu0EtP23pP553Cf9KgsDV4=
github.com/aws/aws-sdk-go-v2/feature/ec2/imds v1.18.30/go.mod h1:/3AOgy4K17Dm4ucMZVC/MJkzy5kmfKUcINRHZyo0koQ=
github.com/aws/aws-sdk-go-v2/internal/configsources v1.4.30 h1:xM/Is9cKMHa8Jj8zkvWhvrFkZsXJV9E+BB4g0HW0duQ=
github.com/aws/aws-sdk-go-v2/internal/configsources v1.4.30/go.mod h1:WueJeNDZvK1fMYEWJIkcivBfEzUkTpBhzlrUKKY8EuA=
github.com/aws/aws-sdk-go-v2/internal/endpoints/v2 v2.7.30 h1:jn46zC9LdsVR/ZpMIJqMqb8hHv31BlLx3ulVqNspUOk=
github.com/aws/aws-sdk-go-v2/internal/endpoints/v2 v2.7.30/go.mod h1:1hTMsAgbdS/AtUi4bw8+gUuh1pceo+eXRLfpSuSQj3M=
github.com/aws/aws-sdk-go-v2/internal/v4a v1.4.31 h1:3GUprIsfmGcC5SACIyB0e7E0BM1O1b3Erl5CePYIAeQ=
github.com/aws/aws-sdk-go-v2/internal/v4a v1.4.31/go.mod h1:7PuV1yl5e2xnUbm+RqvVg5i2iBM8EyijZNoI9wsOoOc=
github.com/aws/aws-sdk-go-v2/service/apigateway v1.40.8 h1:47+5DjcD7xqUdLIKqb0I0r930zcYsNHLXaw6oILU4os=
github.com/aws/aws-sdk-go-v2/service/apigateway v1.40.8/go.mod h1:z2J+G0uyTDXLfbR5i1wct6wpULIqh6YFoeeul9kzcqA=
github.com/aws/aws-sdk-go-v2/service/apigatewayv2 v1.35.8 h1:n0135w/JmVN4F2S0V6ngwOGPL8HNvNw0PXLXiaKS0fk=
github.com/aws/aws-sdk-go-v2/service/apigatewayv2 v1.35.8/go.mod h1:3GU3RMoNjUKXg6GDelv+7bIiJGqk6JXUTmMlvc6+SrU=
github.com/aws/aws-sdk-go-v2/service/athena v1.59.1 h1:5ibRBTSUNMX+JRbHkdL0PgR8hfo5fJ1YSm0kgrEE1c0=
github.com/aws/aws-sdk-go-v2/service/athena v1.59.1/go.mod h1:T0Gh/6hdclavTDygr544bGGSbmYYnN7sVcfy8PWDqSo=
github.com/aws/aws-sdk-go-v2/service/cloudformation v1.71.7 h1:QkM9aGnVnXrXpxXJMu7GO+E/eho+RfItwDp71aPa79o=
github.com/aws/aws-sdk-go-v2/service/cloudformation v1.71.7/go.mod h1:XluvzGQyrIEHZQOYM7QuO+ViUk3wPXF0VsI5+fum67s=
github.com/aws/aws-sdk-go-v2/service/cloudfront v1.61.1 h1:LSv6jOIn/yEsGLeL4TLggsLA+I+XbuZ8sKmUIEWKrzI=
github.com/aws/aws-sdk-go-v2/service/cloudfront v1.61.1/go.mod h1:XUduecWr236DyG8nZwJMewFbS4QcL8NZHxohdYDoPhM=
github.com/aws/aws-sdk-go-v2/service/cloudwatchlogs v1.79.1 h1:VX6iCY+H/xWsd9Xyb+EnSl6GSgN/MNyc21wNkZk0EXk=
github.com/aws/aws-sdk-go-v2/service/cloudwatchlogs v1.79.1/go.mod h1:h1Iw2nkdpmAUJaa89RvX3cg/HGLgdSkCWpMNgKvBSHA=
github.com/aws/aws-sdk-go-v2/service/costexplorer v1.63.3 h1:4/SsyLjRsD+mub/wEt9xjo/SVPzl1idgwvDtklvp8tw=
github.com/aws/aws-sdk-go-v2/service/costexplorer v1.63.3/go.mod h1:GMraVPHg0sV7jaLWiOpIcpo6wA2OyXgJmgPh/GREv9w=
github.com/aws/aws-sdk-go-v2/service/dynamodb v1.60.0 h1:wnyC01GGkqvRvVI73+xRTr8qDyIZMzqjHlsFqWUUVSo=
github.com/aws/aws-sdk-go-v2/service/dynamodb v1.60.0/go.mod h1:HnWoC3m6VmjUSg+kBL6OgQsXdyRAGzBYWb7B3J2f+JM=
github.com/aws/aws-sdk-go-v2/service/dynamodbstreams v1.35.0 h1:v6och6VKfZ/N8Kr5EyWKIu1JOfqjv4xpDAAyCxEuLlw=
github.com/aws/aws-sdk-go-v2/service/dynamodbstreams v1.35.0/go.mod h1:2hgy3N0+CUZxbEKTNCTDWLevN+5pV7lY3B7hMl+oEQ4=
github.com/aws/aws-sdk-go-v2/service/ec2 v1.292.0 h1:c8oOvevYldh01vKkrbb8db09iBA3A60c/FGAkntFAPg=
github.com/aws/aws-sdk-go-v2/service/ec2 v1.292.0/go.mod h1:2dMnUs1QzlGzsm46i9oBHAxVHQp7b6qF7PljWcgVEVE=
github.com/aws/aws-sdk-go-v2/service/ecr v1.56.1 h1:aVrtUrtZN2aGNuI+Pt1XR9ofsochGVepv40nEl4D1dQ=
github.com/aws/aws-sdk-go-v2/service/ecr v1.56.1/go.mod h1:j2lU1Ko0NlsZRXXQ8rSs561bhAC+HN2ob+UREFuSfIA=
github.com/aws/aws-sdk-go-v2/service/ecs v1.72.1 h1:Pciw9l/TbLpOjvTT9vm4IzHAyl2xQMBGlS44d0TvXXE=
github.com/aws/aws-sdk-go-v2/service/ecs v1.72.1/go.mod h1:DdtkqcURi9GM8f9HVLzJLTvS0h0k1qYg39vKQFmeR/k=
github.com/aws/aws-sdk-go-v2/service/elasticache v1.51.10 h1:IF7iFIt6STyg+Rs5f4JEkyXuNHlMasM66HRgW0nvVi8=
github.com/aws/aws-sdk-go-v2/service/elasticache v1.51.10/go.mod h1:F4+m3f0F8mYNIEsvMIBqQvnnncadXb6wV8oHidoOuyo=
github.com/aws/aws-sdk-go-v2/service/elasticloadbalancingv2 v1.54.11 h1:0iNKMyO0SXuRfl5FF6TQASAHTXnTYZlQS3/oJSfpEbQ=
github.com/aws/aws-sdk-go-v2/service/elasticloadbalancingv2 v1.54.11/go.mod h1:WdVArS8riWgCC1JoIVmKdqfBfj2+cSWAjBU5dEapMhA=
github.com/aws/aws-sdk-go-v2/service/iam v1.53.5 h1:J8qtztl/SJ6lhk/Rke/F6PgpZ7V6UYq0my0Zc8hdLuc=
github.com/aws/aws-sdk-go-v2/service/iam v1.53.5/go.mod h1:seDE466zJ4haVuAVcRk+yIH4DWb3s6cqt3Od8GxnGAA=
github.com/aws/aws-sdk-go-v2/service/internal/accept-encoding v1.13.13 h1:mbRIur/BiHK6SKPjoBIXSE/hJ6g6JGRLuxQy1jGjlN4=
github.com/aws/aws-sdk-go-v2/service/internal/accept-encoding v1.13.13/go.mod h1:ITg9em2KbJx1s0y4aqRX5OYWG6HBZ5TVR//OdpEZ2CQ=
github.com/aws/aws-sdk-go-v2/service/internal/checksum v1.9.23 h1:9Fjh6fi/U5JEStVZijmaMpUwE/gvBJj7x2B/PjbO9To=
github.com/aws/aws-sdk-go-v2/service/internal/checksum v1.9.23/go.mod h1:iMoT2f1tClxrWAAnKCXjZQ6LOmfLrMG14wmnWpM+F14=
github.com/aws/aws-sdk-go-v2/service/internal/endpoint-discovery v1.12.7 h1:uqsKxr7kJp9DXVj2m8KbVeZcYMuwsNEwvoVrYl2Vpf8=
github.com/aws/aws-sdk-go-v2/service/internal/endpoint-discovery v1.12.7/go.mod h1:Js/P8Zbwe1mRejnD+OpFLyQiJ8ioQlo3GMAg7Dfxk7w=
github.com/aws/aws-sdk-go-v2/service/internal/presigned-url v1.13.30 h1:/Z5jmNrKsSD7EmDjzAPsm/3L9IuOkzaynklJZ1qX7S4=
github.com/aws/aws-sdk-go-v2/service/internal/presigned-url v1.13.30/go.mod h1:lEzEZnOosE7zi8Z6royW1cFJTD9fpab4Ul1SBrllewk=
github.com/aws/aws-sdk-go-v2/service/internal/s3shared v1.19.31 h1:uao4A3QZ5UmB326V6KF+qRpv9Tjz7IlnlnTbbANntlU=
github.com/aws/aws-sdk-go-v2/service/internal/s3shared v1.19.31/go.mod h1:I/1+z0VwL1GhQyLgkoHDlygpUZ+iTAwOQ/NsftiUL2I=
github.com/aws/aws-sdk-go-v2/service/kinesis v1.43.6 h1:Gw375uiaTvryG3z4QN9m5KuaIRkfdWASq/xqZS18zMg=
github.com/aws/aws-sdk-go-v2/service/kinesis v1.43.6/go.mod h1:CHCpwz0om22znPqK8Gn3jmu1QZxnxDzMZ6UbQ1duH3A=
github.com/aws/aws-sdk-go-v2/service/lambda v1.90.0 h1:5Ik7cnQRuS078cSh1Sj66QdLPlXtuRRmuwDAWbsuL4c=
github.com/aws/aws-sdk-go-v2/service/lambda v1.90.0/go.mod h1:7qoh/MlWG5QCnZwq9bvdXomEAkmumayXcjEjIemIV7U=
github.com/aws/aws-sdk-go-v2/service/pricing v1.43.1 h1:jj0ESTD6wR5FNj663h7khDJhVd4C/TkwQJVV3fo98EA=
github.com/aws/aws-sdk-go-v2/service/pricing v1.43.1/go.mod h1:fX2p8/1nehWSKdUTLWSp/gPCxOUSCaBk2r2wjDoyxf4=
github.com/aws/aws-sdk-go-v2/service/rds v1.116.1 h1:a5PMhM3lOcu2DKgvYGjhCDToKQnz9VEUo9iSc5+DsyA=
github.com/aws/aws-sdk-go-v2/service/rds v1.116.1/go.mod h1:bMaMwbVQ96bx42kDw/Ko+YiDyT/UCotPO+1RDp6lq7E=
github.com/aws/aws-sdk-go-v2/service/s3 v1.105.0 h1:XptwLL+UHXgafYMIHTy59IRovLbhz3znkxY2uS/pbXU=
github.com/aws/aws-sdk-go-v2/service/s3 v1.105.0/go.mod h1:zdmCoFO/dSI7GlrwsPqFJI+WlFnSU4Tc8TJnlXrM1Do=
github.com/aws/aws-sdk-go-v2/service/savingsplans v1.34.1 h1:hy0MjTo2iPU8ksM07QNPPP2gGRz+OjbVFuUCy9yBRN8=
github.com/aws/aws-sdk-go-v2/service/savingsplans v1.34.1/go.mod h1:yCPYuZaXpuk8XpMoZsDq9pRUKCVhd6+7YyDYT+GGqRg=
github.com/aws/aws-sdk-go-v2/service/secretsmanager v1.43.0 h1:5RbF+fv7+6MU1ImSFQHGHT0RDOkABOM9I9Y71/cRNcM=
github.com/aws/aws-sdk-go-v2/service/secretsmanager v1.43.0/go.mod h1:oUyL28WfxY0RqPhFpkrWZx26Cu4JlyrWMMcWq8qqhi0=
github.com/aws/aws-sdk-go-v2/service/signin v1.4.0 h1:sLzmJGCMv+C8KqiJgEqDLB6vxaJGmobRh4rr//ZpA3w=
github.com/aws/aws-sdk-go-v2/service/signin v1.4.0/go.mod h1:mxC0nT/C8wMMS97DemZPzvUZxvIt+2Iq+eS3JdFZGgg=
github.com/aws/aws-sdk-go-v2/service/sqs v1.44.2 h1:1K+rgWUs/8B9y8Mux1y+tC79g+pVGt7Ozj9Fjs7cAbw=
github.com/aws/aws-sdk-go-v2/service/sqs v1.44.2/go.mod h1:JISE0m3JPVhirZEVIAUyK4C62n87tU4BZmUa9Ozc2to=
github.com/aws/aws-sdk-go-v2/service/ssm v1.68.1 h1:kDgdZuYBWSsh3U/jZOXwcqfX6UsSzFcmtgKx7C0c5/E=
github.com/aws/aws-sdk-go-v2/service/ssm v1.68.1/go.mod h1:xyao5chroDlX/9q/rKBxRKZPv9NdG5Pm9W5zS+wQJ84=
github.com/aws/aws-sdk-go-v2/service/sso v1.32.0 h1:qjMmry/cBDee1E/2gyvel0uRYCi3mwRZ2hf6N+GAodo=
github.com/aws/aws-sdk-go-v2/service/sso v1.32.0/go.mod h1:u8af9Nqkmqnr96f7v9nHqzZT9XBwbXEkTiqT4ROuJSE=
github.com/aws/aws-sdk-go-v2/service/ssooidc v1.37.1 h1:arjT9Cm3/WYbGmD5TUZHk4UQn4Lle1fUNZs5FC6CtF0=
github.com/aws/aws-sdk-go-v2/service/ssooidc v1.37.1/go.mod h1:DMPWJBjYs6+3+f/qhBFEFPPlQ6NlhWjai3dJNvipJ84=
github.com/aws/aws-sdk-go-v2/service/sts v1.44.0 h1:bLZ0PolJ8J+HkJHztcXORUpHXBye2U8298lCEMi6ZCU=
github.com/aws/aws-sdk-go-v2/service/sts v1.44.0/go.mod h1:9gdl4RrflIdpDb2TlXshWgR1F9TeCkvqDx77Vpr4Z/Q=
github.com/aws/aws-sdk-go-v2/service/wafv2 v1.74.1 h1:eCHs8InsGCfBDbdqBdIz8B7+Ne7VIbCM8VFyGqnGokg=
github.com/aws/aws-sdk-go-v2/service/wafv2 v1.74.1/go.mod h1:Cuh3JdPDG2hfo+PG8suOaJ6XsEChA7f8fHxUR6+dxFU=
github.com/aws/smithy-go v1.27.3 h1:F3Zb497UhhskkfpJmfkXswyo+t0sh9OTBnIHjogWbVY=
github.com/aws/smithy-go v1.27.3/go.mod h1:YE2RhdIuDbA5E5bTdciG9KrW3+TiEONeUWCqxX9i1Fc=
github.com/aymanbagabas/go-osc52/v2 v2.0.1 h1:HwpRHbFMcZLEVr42D4p7XBqjyuxQH5SMiErDT4WkJ2k=
github.com/aymanbagabas/go-osc52/v2 v2.0.1/go.mod h1:uYgXzlJ7ZpABp8OJ+exZzJJhRNQ2ASbcXHWsFqH8hp8=
github.com/aymanbagabas/go-udiff v0.2.0/go.mod h1:RE4Ex0qsGkTAJoQdQQCA0uG+nAzJO/pI/QwceO5fgrA=
github.com/bits-and-blooms/bitset v1.22.0/go.mod h1:7hO7Gc7Pp1vODcmWvKMRA9BNmbv6a/7QIWpPxHddWR8=
github.com/cespare/xxhash/v2 v2.3.0 h1:UL815xU9SqsFlibzuggzjXhog7bL6oX9BbNZnL2UFvs=
github.com/cespare/xxhash/v2 v2.3.0/go.mod h1:VGX0DQ3Q6kWi7AoAeZDth3/j3BFtOZR5XLFGgcrjCOs=
github.com/charmbracelet/bubbletea v1.3.10 h1:otUDHWMMzQSB0Pkc87rm691KZ3SWa4KUlvF9nRvCICw=
github.com/charmbracelet/bubbletea v1.3.10/go.mod h1:ORQfo0fk8U+po9VaNvnV95UPWA1BitP1E0N6xJPlHr4=
github.com/charmbracelet/colorprofile v0.2.3-0.20250311203215-f60798e515dc h1:4pZI35227imm7yK2bGPcfpFEmuY1gc2YSTShr4iJBfs=
github.com/charmbracelet/colorprofile v0.2.3-0.20250311203215-f60798e515dc/go.mod h1:X4/0JoqgTIPSFcRA/P6INZzIuyqdFY5rm8tb41s9okk=
github.com/charmbracelet/lipgloss v1.1.0 h1:vYXsiLHVkK7fp74RkV7b2kq9+zDLoEU4MZoFqR/noCY=
github.com/charmbracelet/lipgloss v1.1.0/go.mod h1:/6Q8FR2o+kj8rz4Dq0zQc3vYf7X+B0binUUBwA0aL30=
github.com/charmbracelet/x/ansi v0.10.1 h1:rL3Koar5XvX0pHGfovN03f5cxLbCF2YvLeyz7D2jVDQ=
github.com/charmbracelet/x/ansi v0.10.1/go.mod h1:3RQDQ6lDnROptfpWuUVIUG64bD2g2BgntdxH0Ya5TeE=
github.com/charmbracelet/x/cellbuf v0.0.13-0.20250311204145-2c3ea96c31dd h1:vy0GVL4jeHEwG5YOXDmi86oYw2yuYUGqz6a8sLwg0X8=
github.com/charmbracelet/x/cellbuf v0.0.13-0.20250311204145-2c3ea96c31dd/go.mod h1:xe0nKWGd3eJgtqZRaN9RjMtK7xUYchjzPr7q6kcvCCs=
github.com/charmbracelet/x/exp/golden v0.0.0-20240806155701-69247e0abc2a/go.mod h1:wDlXFlCrmJ8J+swcL/MnGUuYnqgQdW9rhSD61oNMb6U=
github.com/charmbracelet/x/term v0.2.1 h1:AQeHeLZ1OqSXhrAWpYUtZyX1T3zVxfpZuEQMIQaGIAQ=
github.com/charmbracelet/x/term v0.2.1/go.mod h1:oQ4enTYFV7QN4m0i9mzHrViD7TQKvNEEkHUMCmsxdUg=
github.com/cncf/xds/go v0.0.0-20260202195803-dba9d589def2 h1:aBangftG7EVZoUb69Os8IaYg++6uMOdKK83QtkkvJik=
github.com/cncf/xds/go v0.0.0-20260202195803-dba9d589def2/go.mod h1:qwXFYgsP6T7XnJtbKlf1HP8AjxZZyzxMmc+Lq5GjlU4=
github.com/coder/websocket v1.8.15 h1:6B2JPeOGlpff2Uz6vOEH1Vzpi0iUz20A+lPVhPHtNUA=
github.com/coder/websocket v1.8.15/go.mod h1:NX3SzP+inril6yawo5CQXx8+fk145lPDC6pumgx0mVg=
github.com/cpuguy83/go-md2man/v2 v2.0.6/go.mod h1:oOW0eioCTA6cOiMLiUPZOpcVxMig6NIQQ7OS05n1F4g=
github.com/davecgh/go-spew v1.1.2-0.20180830191138-d8f796af33cc h1:U9qPSI2PIWSS1VwoXQT9A3Wy9MM3WgvqSxFWenqJduM=
github.com/davecgh/go-spew v1.1.2-0.20180830191138-d8f796af33cc/go.mod h1:J7Y8YcW2NihsgmVo/mv3lAwl/skON4iLHjSsI+c5H38=
github.com/docopt/docopt-go v0.0.0-20180111231733-ee0de3bc6815/go.mod h1:WwZ+bS3ebgob9U8Nd0kOddGdZWjyMGR8Wziv+TBNwSE=
github.com/dustin/go-humanize v1.0.1/go.mod h1:Mu1zIs6XwVuF/gI1OepvI0qD18qycQx+mFykh5fBlto=
github.com/envoyproxy/go-control-plane v0.14.0 h1:hbG2kr4RuFj222B6+7T83thSPqLjwBIfQawTkC++2HA=
github.com/envoyproxy/go-control-plane v0.14.0/go.mod h1:NcS5X47pLl/hfqxU70yPwL9ZMkUlwlKxtAohpi2wBEU=
github.com/envoyproxy/go-control-plane/envoy v1.37.0 h1:u3riX6BoYRfF4Dr7dwSOroNfdSbEPe9Yyl09/B6wBrQ=
github.com/envoyproxy/go-control-plane/envoy v1.37.0/go.mod h1:DReE9MMrmecPy+YvQOAOHNYMALuowAnbjjEMkkWOi6A=
github.com/envoyproxy/go-control-plane/ratelimit v0.1.0 h1:/G9QYbddjL25KvtKTv3an9lx6VBE2cnb8wp1vEGNYGI=
github.com/envoyproxy/go-control-plane/ratelimit v0.1.0/go.mod h1:Wk+tMFAFbCXaJPzVVHnPgRKdUdwW/KdbRt94AzgRee4=
github.com/envoyproxy/protoc-gen-validate v1.3.3 h1:MVQghNeW+LZcmXe7SY1V36Z+WFMDjpqGAGacLe2T0ds=
github.com/envoyproxy/protoc-gen-validate v1.3.3/go.mod h1:TsndJ/ngyIdQRhMcVVGDDHINPLWB7C82oDArY51KfB0=
github.com/erikgeiser/coninput v0.0.0-20211004153227-1c3628e74d0f h1:Y/CXytFA4m6baUTXGLOoWe4PQhGxaX0KpnayAqC48p4=
github.com/erikgeiser/coninput v0.0.0-20211004153227-1c3628e74d0f/go.mod h1:vw97MGsxSvLiUE2X8qFplwetxpGLQrlU1Q9AUEIzCaM=
github.com/fatih/color v1.15.0/go.mod h1:0h5ZqXfHYED7Bhv2ZJamyIOUej9KtShiJESRwBDUSsw=
github.com/felixge/httpsnoop v1.0.4 h1:NFTV2Zj1bL4mc9sqWACXbQFVBBg2W3GPvqp8/ESS2Wg=
github.com/felixge/httpsnoop v1.0.4/go.mod h1:m8KPJKqk1gH5J9DgRY2ASl2lWCfGKXixSwevea8zH2U=
github.com/go-jose/go-jose/v4 v4.1.4 h1:moDMcTHmvE6Groj34emNPLs/qtYXRVcd6S7NHbHz3kA=
github.com/go-jose/go-jose/v4 v4.1.4/go.mod h1:x4oUasVrzR7071A4TnHLGSPpNOm2a21K9Kf04k1rs08=
github.com/go-logr/logr v1.2.2/go.mod h1:jdQByPbusPIv2/zmleS9BjJVeZ6kBagPoEUsqbVz/1A=
github.com/go-logr/logr v1.4.3 h1:CjnDlHq8ikf6E492q6eKboGOC0T8CDaOvkHCIg8idEI=
github.com/go-logr/logr v1.4.3/go.mod h1:9T104GzyrTigFIr8wt5mBrctHMim0Nb2HLGrmQ40KvY=
github.com/go-logr/stdr v1.2.2 h1:hSWxHoqTgW2S2qGc0LTAI563KZ5YKYRhT3MFKZMbjag=
github.com/go-logr/stdr v1.2.2/go.mod h1:mMo/vtBO5dYbehREoey6XUKy/eSumjCCveDpRre4VKE=
github.com/goccy/go-json v0.10.2 h1:CrxCmQqYDkv1z7lO7Wbh2HN93uovUHgrECaO5ZrCXAU=
github.com/goccy/go-json v0.10.2/go.mod h1:6MelG93GURQebXPDq3khkgXZkazVtN9CRI+MGFi0w8I=
github.com/goccy/go-yaml v1.11.0/go.mod h1:H+mJrWtjPTJAHvRbV09MCK9xYwODM+wRTVFFTWckfng=
github.com/golang/glog v1.2.5/go.mod h1:6AhwSGph0fcJtXVM/PEHPqZlFeoLxhs7/t5UDAwmO+w=
github.com/golang/groupcache v0.0.0-20210331224755-41bb18bfe9da h1:oI5xCqsCo564l8iNU+DwB5epxmsaqB+rhGL0m5jtYqE=
github.com/golang/groupcache v0.0.0-20210331224755-41bb18bfe9da/go.mod h1:cIg4eruTrX1D+g88fzRXU5OdNfaM+9IcxsU14FzY7Hc=
github.com/golang/protobuf v1.5.4 h1:i7eJL8qZTpSEXOPTxNKhASYpMn+8e5Q6AdndVa1dWek=
github.com/golang/protobuf v1.5.4/go.mod h1:lnTiLA8Wa4RWRcIUkrtSVa5nRhsEGBg48fD6rSs7xps=
github.com/golang/snappy v0.0.4/go.mod h1:/XxbfmMg8lxefKM7IXC3fBNl/7bRcc72aCRzEWrmP2Q=
github.com/google/flatbuffers v23.5.26+incompatible h1:M9dgRyhJemaM4Sw8+66GHBu8ioaQmyPLg1b8VwK5WJg=
github.com/google/flatbuffers v23.5.26+incompatible/go.mod h1:1AeVuKshWv4vARoZatz6mlQ0JxURH0Kv5+zNeJKJCa8=
github.com/google/go-cmp v0.7.0 h1:wk8382ETsv4JYUZwIsn6YpYiWiBsYLSJiTsyBybVuN8=
github.com/google/go-cmp v0.7.0/go.mod h1:pXiqmnSA92OHEEa9HXL2W4E7lf9JzCmGVUdgjX3N/iU=
github.com/google/go-pkcs11 v0.3.0/go.mod h1:6eQoGcuNJpa7jnd5pMGdkSaQpNDYvPlXWMcjXXThLlY=
github.com/google/martian/v3 v3.3.3 h1:DIhPTQrbPkgs2yJYdXU/eNACCG5DVQjySNRNlflZ9Fc=
github.com/google/martian/v3 v3.3.3/go.mod h1:iEPrYcgCF7jA9OtScMFQyAlZZ4YXTKEtJ1E6RWzmBA0=
github.com/google/s2a-go v0.1.9 h1:LGD7gtMgezd8a/Xak7mEWL0PjoTQFvpRudN895yqKW0=
github.com/google/s2a-go v0.1.9/go.mod h1:YA0Ei2ZQL3acow2O62kdp9UlnvMmU7kA6Eutn0dXayM=
github.com/google/uuid v1.6.0 h1:NIvaJDMOsjHA8n1jAhLSgzrAzy1Hgr+hNrb57e+94F0=
github.com/google/uuid v1.6.0/go.mod h1:TIyPZe4MgqvfeYDBFedMoGGpEw/LqOeaOT+nhxU+yHo=
github.com/googleapis/enterprise-certificate-proxy v0.3.17 h1:73NfMHdiqo9JFU9+7a5ExpVa10/R29pXfZIaW559nrg=
github.com/googleapis/enterprise-certificate-proxy v0.3.17/go.mod h1:rSEsBUemEBZEexP2y6jPp16LUmUbjmSbcPMQizR0o4k=
github.com/googleapis/gax-go/v2 v2.23.0 h1:Tchl7qkvE7Ip3y+ztvNufYFvkfqTe7NfLTYGIdJRLuE=
github.com/googleapis/gax-go/v2 v2.23.0/go.mod h1:rBQKOVJCdb8IFEzg+FCwlt1LP/xMDGuqUXhUG+XMXEg=
github.com/hamba/avro/v2 v2.17.2/go.mod h1:Q9YK+qxAhtVrNqOhwlZTATLgLA8qxG2vtvkhK8fJ7Jo=
github.com/iancoleman/strcase v0.3.0/go.mod h1:iwCmte+B7n89clKwxIoIXy/HfoL7AsD47ZCWhYzw7ho=
github.com/inconshreveable/mousetrap v1.1.0 h1:wN+x4NVGpMsO7ErUn/mUI3vEoE6Jt13X2s0bqwp9tc8=
github.com/inconshreveable/mousetrap v1.1.0/go.mod h1:vpF70FUmC8bwa3OWnCshd2FqLfsEA9PFc4w1p2J65bw=
github.com/json-iterator/go v1.1.12/go.mod h1:e30LSqwooZae/UwlEbR2852Gd8hjQvJoHmT4TnhNGBo=
github.com/kballard/go-shellquote v0.0.0-20180428030007-95032a82bc51/go.mod h1:CzGEWj7cYgsdH8dAjBGEr58BoE7ScuLd+fwFZ44+/x8=
github.com/klauspost/asmfmt v1.3.2/go.mod h1:AG8TuvYojzulgDAMCnYn50l/5QV3Bs/tp6j0HLHbNSE=
github.com/klauspost/compress v1.16.7 h1:2mk3MPGNzKyxErAw8YaohYh69+pa4sIQSC0fPGCFR9I=
github.com/klauspost/compress v1.16.7/go.mod h1:ntbaceVETuRiXiv4DpjP66DpAtAGkEQskQzEyD//IeE=
github.com/klauspost/cpuid/v2 v2.2.5 h1:0E5MSMDEoAulmXNFquVs//DdoomxaoTY1kUhbc/qbZg=
github.com/klauspost/cpuid/v2 v2.2.5/go.mod h1:Lcz8mBdAVJIBVzewtcLocK12l3Y+JytZYpaMropDUws=
github.com/kr/pretty v0.3.1 h1:flRD4NNwYAUpkphVc1HcthR4KEIFJ65n8Mw5qdRn3LE=
github.com/kr/pretty v0.3.1/go.mod h1:hoEshYVHaxMs3cyo3Yncou5ZscifuDolrwPKZanG3xk=
github.com/kr/text v0.2.0 h1:5Nx0Ya0ZqY2ygV366QzturHI13Jq95ApcVaJBhpS+AY=
github.com/kr/text v0.2.0/go.mod h1:eLer722TekiGuMkidMxC/pM04lWEeraHUUmBw8l2grE=
github.com/lucasb-eyer/go-colorful v1.2.0 h1:1nnpGOrhyZZuNyfu1QjKiUICQ74+3FNCN69Aj6K7nkY=
github.com/lucasb-eyer/go-colorful v1.2.0/go.mod h1:R4dSotOR9KMtayYi1e77YzuveK+i7ruzyGqttikkLy0=
github.com/lyft/protoc-gen-star/v2 v2.0.4/go.mod h1:amey7yeodaJhXSbf/TlLvWiqQfLOSpEk//mLlc+axEk=
github.com/mattn/go-colorable v0.1.13/go.mod h1:7S9/ev0klgBDR4GtXTXX8a3vIGJpMovkB8vQcUbaXHg=
github.com/mattn/go-isatty v0.0.20 h1:xfD0iDuEKnDkl03q4limB+vH+GxLEtL/jb4xVJSWWEY=
github.com/mattn/go-isatty v0.0.20/go.mod h1:W+V8PltTTMOvKvAeJH7IuucS94S2C6jfK/D7dTCTo3Y=
github.com/mattn/go-localereader v0.0.1 h1:ygSAOl7ZXTx4RdPYinUpg6W99U8jWvWi9Ye2JC/oIi4=
github.com/mattn/go-localereader v0.0.1/go.mod h1:8fBrzywKY7BI3czFoHkuzRoWE9C+EiG4R1k4Cjx5p88=
github.com/mattn/go-runewidth v0.0.16 h1:E5ScNMtiwvlvB5paMFdw9p4kSQzbXFikJ5SQO6TULQc=
github.com/mattn/go-runewidth v0.0.16/go.mod h1:Jdepj2loyihRzMpdS35Xk/zdY8IAYHsh153qUoGf23w=
github.com/minio/asm2plan9s v0.0.0-20200509001527-cdd76441f9d8/go.mod h1:mC1jAcsrzbxHt8iiaC+zU4b1ylILSosueou12R++wfY=
github.com/minio/c2goasm v0.0.0-20190812172519-36a3d3bbc4f3/go.mod h1:RagcQ7I8IeTMnF8JTXieKnO4Z6JCsikNEzj0DwauVzE=
github.com/mitchellh/mapstructure v1.5.0/go.mod h1:bFUtVrKA4DC2yAKiSyO/QUcy7e+RRV2QTWOzhPopBRo=
github.com/modern-go/concurrent v0.0.0-20180306012644-bacd9c7ef1dd/go.mod h1:6dJC0mAP4ikYIbvyc7fijjWJddQyLn8Ig3JB5CqoB9Q=
github.com/modern-go/reflect2 v1.0.2/go.mod h1:yWuevngMOJpCy52FWWMvUC8ws7m/LJsjYzDa0/r8luk=
github.com/muesli/ansi v0.0.0-20230316100256-276c6243b2f6 h1:ZK8zHtRHOkbHy6Mmr5D264iyp3TiX5OmNcI5cIARiQI=
github.com/muesli/ansi v0.0.0-20230316100256-276c6243b2f6/go.mod h1:CJlz5H+gyd6CUWT45Oy4q24RdLyn7Md9Vj2/ldJBSIo=
github.com/muesli/cancelreader v0.2.2 h1:3I4Kt4BQjOR54NavqnDogx/MIoWBFa0StPA8ELUXHmA=
github.com/muesli/cancelreader v0.2.2/go.mod h1:3XuTXfFS2VjM+HTLZY9Ak0l6eUKfijIfMUZ4EgX0QYo=
github.com/muesli/termenv v0.16.0 h1:S5AlUN9dENB57rsbnkPyfdGuWIlkmzJjbFf0Tf5FWUc=
github.com/muesli/termenv v0.16.0/go.mod h1:ZRfOIKPFDYQoDFF4Olj7/QJbW60Ol/kL1pU3VfY/Cnk=
github.com/pierrec/lz4/v4 v4.1.18 h1:xaKrnTkyoqfh1YItXl56+6KJNVYWlEEPuAQW9xsplYQ=
github.com/pierrec/lz4/v4 v4.1.18/go.mod h1:gZWDp/Ze/IJXGXf23ltt2EXimqmTUXEy0GFuRQyBid4=
github.com/planetscale/vtprotobuf v0.6.1-0.20240319094008-0393e58bdf10 h1:GFCKgmp0tecUJ0sJuv4pzYCqS9+RGSn52M3FUwPs+uo=
github.com/planetscale/vtprotobuf v0.6.1-0.20240319094008-0393e58bdf10/go.mod h1:t/avpk3KcrXxUnYOhZhMXJlSEyie6gQbtLq5NM3loB8=
github.com/pmezard/go-difflib v1.0.1-0.20181226105442-5d4384ee4fb2 h1:Jamvg5psRIccs7FGNTlIRMkT8wgtp5eCXdBlqhYGL6U=
github.com/pmezard/go-difflib v1.0.1-0.20181226105442-5d4384ee4fb2/go.mod h1:iKH77koFhYxTK1pcRnkKkqfTogsbg7gZNVY4sRDYZ/4=
github.com/prometheus/client_model v0.6.2/go.mod h1:y3m2F6Gdpfy6Ut/GBsUqTWZqCUvMVzSfMLjcu6wAwpE=
github.com/remyoudompheng/bigfft v0.0.0-20230129092748-24d4a6f8daec/go.mod h1:qqbHyh8v60DhA7CoWK5oRCqLrMHRGoxYCSS9EjAz6Eo=
github.com/rivo/uniseg v0.2.0/go.mod h1:J6wj4VEh+S6ZtnVlnTBMWIodfgj8LQOQFoIToxlJtxc=
github.com/rivo/uniseg v0.4.7 h1:WUdvkW8uEhrYfLC4ZzdpI2ztxP1I582+49Oc5Mq64VQ=
github.com/rivo/uniseg v0.4.7/go.mod h1:FN3SvrM+Zdj16jyLfmOkMNblXMcoc8DfTHruCPUcx88=
github.com/rogpeppe/go-internal v1.14.1 h1:UQB4HGPB6osV0SQTLymcB4TgvyWu6ZyliaW0tI/otEQ=
github.com/rogpeppe/go-internal v1.14.1/go.mod h1:MaRKkUm5W0goXpeCfT7UZI6fk/L7L7so1lCWt35ZSgc=
github.com/russross/blackfriday/v2 v2.1.0/go.mod h1:+Rmxgy9KzJVeS9/2gXHxylqXiyQDYRxCVz55jmeOWTM=
github.com/spf13/afero v1.15.0/go.mod h1:NC2ByUVxtQs4b3sIUphxK0NioZnmxgyCrfzeuq8lxMg=
github.com/spf13/cobra v1.10.2 h1:DMTTonx5m65Ic0GOoRY2c16WCbHxOOw6xxezuLaBpcU=
github.com/spf13/cobra v1.10.2/go.mod h1:7C1pvHqHw5A4vrJfjNwvOdzYu0Gml16OCs2GRiTUUS4=
github.com/spf13/pflag v1.0.9 h1:9exaQaMOCwffKiiiYk6/BndUBv+iRViNW+4lEMi0PvY=
github.com/spf13/pflag v1.0.9/go.mod h1:McXfInJRrz4CZXVZOBLb0bTZqETkiAhM9Iw0y3An2Bg=
github.com/spiffe/go-spiffe/v2 v2.6.0 h1:l+DolpxNWYgruGQVV0xsfeya3CsC7m8iBzDnMpsbLuo=
github.com/spiffe/go-spiffe/v2 v2.6.0/go.mod h1:gm2SeUoMZEtpnzPNs2Csc0D/gX33k1xIx7lEzqblHEs=
github.com/stretchr/objx v0.5.0/go.mod h1:Yh+to48EsGEfYuaHDzXPcE3xhTkx73EhmCGUpEOglKo=
github.com/stretchr/testify v1.11.1 h1:7s2iGBzp5EwR7/aIZr8ao5+dra3wiQyKjjFuvgVKu7U=
github.com/stretchr/testify v1.11.1/go.mod h1:wZwfW3scLgRK+23gO65QZefKpKQRnfz6sD981Nm4B6U=
github.com/substrait-io/substrait-go v0.4.2/go.mod h1:qhpnLmrcvAnlZsUyPXZRqldiHapPTXC3t7xFgDi3aQg=
github.com/tidwall/gjson v1.14.2/go.mod h1:/wbyibRr2FHMks5tjHJ5F8dMZh3AcwJEMf5vlfC0lxk=
github.com/tidwall/match v1.1.1/go.mod h1:eRSPERbgtNPcGhD8UCthc6PmLEQXEWd3PRB5JTxsfmM=
github.com/tidwall/pretty v1.2.0/go.mod h1:ITEVvHYasfjBbM0u2Pg8T2nJnzm8xPwvNhhsoaGGjNU=
github.com/tidwall/sjson v1.2.5/go.mod h1:Fvgq9kS/6ociJEDnK0Fk1cpYF4FIW6ZF7LAe+6jwd28=
github.com/xo/terminfo v0.0.0-20220910002029-abceb7e1c41e h1:JVG44RsyaB9T2KIHavMF/ppJZNG9ZpyihvCd0w101no=
github.com/xo/terminfo v0.0.0-20220910002029-abceb7e1c41e/go.mod h1:RbqR21r5mrJuqunuUZ/Dhy/avygyECGrLceyNeo4LiM=
github.com/yuin/goldmark v1.4.13/go.mod h1:6yULJ656Px+3vBD8DxQVa3kxgyrAnzto9xy5taEt/CY=
github.com/zeebo/assert v1.3.0 h1:g7C04CbJuIDKNPFHmsk4hwZDO5O+kntRxzaUoNXj+IQ=
github.com/zeebo/assert v1.3.0/go.mod h1:Pq9JiuJQpG8JLJdtkwrJESF0Foym2/D9XMU5ciN/wJ0=
github.com/zeebo/errs v1.4.0/go.mod h1:sgbWHsvVuTPHcqJJGQ1WhI5KbWlHYz+2+2C/LSEtCw4=
github.com/zeebo/xxh3 v1.0.2 h1:xZmwmqxHZA8AI603jOQ0tMqmBr9lPeFwGg6d+xy9DC0=
github.com/zeebo/xxh3 v1.0.2/go.mod h1:5NWz9Sef7zIDm2JHfFlcQvNekmcEl9ekUZQQKCYaDcA=
go.opencensus.io v0.24.0 h1:y73uSU6J157QMP2kn2r30vwW1A2W2WFwSCGnAVxeaD0=
go.opencensus.io v0.24.0/go.mod h1:vNK8G9p7aAivkbmorf4v+7Hgx+Zs0yY+0fOtgBfjQKo=
go.opentelemetry.io/auto/sdk v1.2.1 h1:jXsnJ4Lmnqd11kwkBV2LgLoFMZKizbCi5fNZ/ipaZ64=
go.opentelemetry.io/auto/sdk v1.2.1/go.mod h1:KRTj+aOaElaLi+wW1kO/DZRXwkF4C5xPbEe3ZiIhN7Y=
go.opentelemetry.io/contrib/detectors/gcp v1.43.0 h1:62yY3dT7/ShwOxzA0RsKRgshBmfElKI4d/Myu2OxDFU=
go.opentelemetry.io/contrib/detectors/gcp v1.43.0/go.mod h1:RyaZMFY7yi1kAs45S6mbFGz8O8rqB0dTY14uzvG4LCs=
go.opentelemetry.io/contrib/instrumentation/google.golang.org/grpc/otelgrpc v0.68.0 h1:0Qx7VGBacMm9ZENQ7TnNObTYI4ShC+lHI16seduaxZo=
go.opentelemetry.io/contrib/instrumentation/google.golang.org/grpc/otelgrpc v0.68.0/go.mod h1:Sje3i3MjSPKTSPvVWCaL8ugBzJwik3u4smCjUeuupqg=
go.opentelemetry.io/contrib/instrumentation/net/http/otelhttp v0.67.0 h1:OyrsyzuttWTSur2qN/Lm0m2a8yqyIjUVBZcxFPuXq2o=
go.opentelemetry.io/contrib/instrumentation/net/http/otelhttp v0.67.0/go.mod h1:C2NGBr+kAB4bk3xtMXfZ94gqFDtg/GkI7e9zqGh5Beg=
go.opentelemetry.io/otel v1.44.0 h1:JjwHmHpA4iZ3wBxluu2fbbE7j4kqlE8jXyAyPXH7HqU=
go.opentelemetry.io/otel v1.44.0/go.mod h1:BMgjTHL9WPRlRjL2oZCBTL4whCGtXch2H4BhOPIAyYc=
go.opentelemetry.io/otel/exporters/stdout/stdoutmetric v1.44.0 h1:hqxVTu/GtBF+vJ8d1fzW7fRxZFvgoDjWcxwwCaFDYpU=
go.opentelemetry.io/otel/exporters/stdout/stdoutmetric v1.44.0/go.mod h1:z5fVEF4X5v0ESvlJqBrrFlBVoj5EQuefZpzsu7R+x5Q=
go.opentelemetry.io/otel/metric v1.44.0 h1:1w0gILTcHdr3YI+ixLyjemwrVnsMURbTZFrSYCdDdmc=
go.opentelemetry.io/otel/metric v1.44.0/go.mod h1:8O7hanEPBNgEMmybD3s2VBKcgWOCsA6tzHBPODAiquo=
go.opentelemetry.io/otel/metric/x v0.66.0 h1:YkCrx1zLOChi9ZcZ6euupOcsgzbVlec7D/xoEU1+cTA=
go.opentelemetry.io/otel/metric/x v0.66.0/go.mod h1:d1+BDj9t96do0/1LoU1ayfCv79ZgNE41qbhBvnMOBZk=
go.opentelemetry.io/otel/sdk v1.44.0 h1:nHYwb9lK+fJPU/dnT6s7W7Z8itMWyqrnVfbheVYrZ58=
go.opentelemetry.io/otel/sdk v1.44.0/go.mod h1:Osuydd3Se74nqjAKxid74N5eC+jfEqfTegHRnq58oK0=
go.opentelemetry.io/otel/sdk/metric v1.44.0 h1:3LlKgI+VjbVsjNRFZJZAJ30WjXC5VkNRks6si09iEfI=
go.opentelemetry.io/otel/sdk/metric v1.44.0/go.mod h1:5B5pMARnXxKhltooO4xUuCBorl65a4EpnTalObqOigA=
go.opentelemetry.io/otel/trace v1.44.0 h1:jxF5CsGYCe74MCRx2X4g7WsY/VBKRqqpNvXlX/6gtIk=
go.opentelemetry.io/otel/trace v1.44.0/go.mod h1:oLl1jrMQAVo6v3GAggN+1VH9VIz9iUSvW53sW1Q8PIE=
go.opentelemetry.io/proto/otlp v1.9.0/go.mod h1:xE+Cx5E/eEHw+ISFkwPLwCZefwVjY+pqKg1qcK03+/4=
go.uber.org/goleak v1.3.0/go.mod h1:CoHD4mav9JJNrW/WLlf7HGZPjdw8EucARQHekz1X6bE=
go.yaml.in/yaml/v3 v3.0.4/go.mod h1:DhzuOOF2ATzADvBadXxruRBLzYTpT36CKvDb3+aBEFg=
golang.org/x/crypto v0.53.0 h1:QZ4Muo8THX6CizN2vPPd5fBGHyogrdK9fG4wLPFUsto=
golang.org/x/crypto v0.53.0/go.mod h1:DNLU434OwVakk9PzuwV8w62mAJpRJL3vsgcfp4Qnsio=
golang.org/x/exp v0.0.0-20240719175910-8a7402abbf56 h1:2dVuKD2vS7b0QIHQbpyTISPd0LeHDbnYEryqj5Q1ug8=
golang.org/x/exp v0.0.0-20240719175910-8a7402abbf56/go.mod h1:M4RDyNAINzryxdtnbRXRL/OHtkFuWGRjvuhBJpk2IlY=
golang.org/x/mod v0.36.0 h1:JJjpVx6myfUsUdAzZuOSTTmRE0PfZeNWzzvKrP7amb4=
golang.org/x/mod v0.36.0/go.mod h1:moc6ELqsWcOw5Ef3xVprK5ul/MvtVvkIXLziUOICjUQ=
golang.org/x/net v0.56.0 h1:Rw8j/hFzGvJUZwNBXnAtf5sVDVt+65SK2C7IxCxZt5o=
golang.org/x/net v0.56.0/go.mod h1:D3Ku6r+V6JROoZK144D2XfMHFcMq/0zSfLelVTCFKec=
golang.org/x/oauth2 v0.36.0 h1:peZ/1z27fi9hUOFCAZaHyrpWG5lwe0RJEEEeH0ThlIs=
golang.org/x/oauth2 v0.36.0/go.mod h1:YDBUJMTkDnJS+A4BP4eZBjCqtokkg1hODuPjwiGPO7Q=
golang.org/x/sync v0.21.0 h1:HLII4xRRTtCRkxYp4HNFF0Js/Og6q2i++KXbg0gHCwM=
golang.org/x/sync v0.21.0/go.mod h1:9xrNwdLfx4jkKbNva9FpL6vEN7evnE43NNNJQ2LF3+0=
golang.org/x/sys v0.0.0-20210809222454-d867a43fc93e/go.mod h1:oPkhp1MJrh7nUepCBck5+mAzfO9JrbApNNgaTdGDITg=
golang.org/x/sys v0.5.0/go.mod h1:oPkhp1MJrh7nUepCBck5+mAzfO9JrbApNNgaTdGDITg=
golang.org/x/sys v0.6.0/go.mod h1:oPkhp1MJrh7nUepCBck5+mAzfO9JrbApNNgaTdGDITg=
golang.org/x/sys v0.46.0 h1:noSf2Fq6F8DBgS+LysIkx7rIExoNHJsxOAtPp4rthXw=
golang.org/x/sys v0.46.0/go.mod h1:4GL1E5IUh+htKOUEOaiffhrAeqysfVGipDYzABqnCmw=
golang.org/x/telemetry v0.0.0-20260508192327-42602be52be6 h1:HjU6IWBiAgRIdAJ9/y1rwCn+UELEmwV+VsTLzj/W4sE=
golang.org/x/telemetry v0.0.0-20260508192327-42602be52be6/go.mod h1:Eqhaxk/wZsWEH8CRxLwj6xzEJbz7k1EFGqx7nyCoabE=
golang.org/x/term v0.44.0/go.mod h1:7ze4MdzUzLXpSAoFP1H0bOI9aXDqveSvatT5vKcFh2Y=
golang.org/x/text v0.38.0 h1:sXmwo9DwP3OK9EZ7PqAdaooSGozfl/3a6/xJcbzPRhE=
golang.org/x/text v0.38.0/go.mod h1:YXZt3QhHUKYT53r2lLKFIVi6Ao1jdzrTR/KQ09qyxF4=
golang.org/x/time v0.15.0 h1:bbrp8t3bGUeFOx08pvsMYRTCVSMk89u4tKbNOZbp88U=
golang.org/x/time v0.15.0/go.mod h1:Y4YMaQmXwGQZoFaVFk4YpCt4FLQMYKZe9oeV/f4MSno=
golang.org/x/tools v0.45.0 h1:18qN3FAooORvApf5XjCXgsuayZOEtXf6JK18I3+ONa8=
golang.org/x/tools v0.45.0/go.mod h1:LuUGqqaXcXMEFEruIVJVm5mgDD8vww/z/SR1gQ4uE/0=
golang.org/x/xerrors v0.0.0-20240903120638-7835f813f4da h1:noIWHXmPHxILtqtCOPIhSt0ABwskkZKjD3bXGnZGpNY=
golang.org/x/xerrors v0.0.0-20240903120638-7835f813f4da/go.mod h1:NDW/Ps6MPRej6fsCIbMTohpP40sJ/P/vI1MoTEGwX90=
gonum.org/v1/gonum v0.17.0 h1:VbpOemQlsSMrYmn7T2OUvQ4dqxQXU+ouZFQsZOx50z4=
gonum.org/v1/gonum v0.17.0/go.mod h1:El3tOrEuMpv2UdMrbNlKEh9vd86bmQ6vqIcDwxEOc1E=
google.golang.org/api v0.287.1 h1:LiyJx32VU3cwQfLchn/513qKhc25hq0pEANYJoWNnnI=
google.golang.org/api v0.287.1/go.mod h1:lM2kYRzYUCBY91P9h6VF1PYmvhxii3O5hji37qRvIcY=
google.golang.org/appengine v1.6.8/go.mod h1:1jJ3jBArFh5pcgW8gCtRJnepW8FzD1V44FJffLiz/Ds=
google.golang.org/genproto v0.0.0-20260519071638-aa98bba5eb94 h1:YJjbgu+dkp5kUJLfpMyCLfBIWZb/FcJyuLeo1gVBOuo=
google.golang.org/genproto v0.0.0-20260519071638-aa98bba5eb94/go.mod h1:RRHjglSYABVCWpQ7USCpdfhcd9t4PkajvVwyynZizTc=
google.golang.org/genproto/googleapis/api v0.0.0-20260630182238-925bb5da69e7 h1:jQ9p21COKWjP3VwuFrNRiiOTMh3mPpN45R7SLrH/HUU=
google.golang.org/genproto/googleapis/api v0.0.0-20260630182238-925bb5da69e7/go.mod h1:KqHwBx2upmfa1XSi1WuRvC+2VGCLtooKkfmyvRbUmqA=
google.golang.org/genproto/googleapis/bytestream v0.0.0-20260630182238-925bb5da69e7/go.mod h1:6TABGosqSqU2l1+fJ3jdvOYPPVryeKybxYF0cCZkTBE=
google.golang.org/genproto/googleapis/rpc v0.0.0-20260630182238-925bb5da69e7 h1:eM/YSd5bBFagF51o1E745Ta7RwzpW0h+z+QDNZOgmQ8=
google.golang.org/genproto/googleapis/rpc v0.0.0-20260630182238-925bb5da69e7/go.mod h1:4Hqkh8ycfw05ld/3BWL7rJOSfebL2Q+DVDeRgYgxUU8=
google.golang.org/grpc v1.82.0 h1:vguDnZUPjE26w09A63VoxZPnvPjB5Riyc0mkXPFmAIU=
google.golang.org/grpc v1.82.0/go.mod h1:yzTZ1TB1Z3SG+LIYaI+WiE8D5+PZ3ArnrSp8zF3+/ZA=
google.golang.org/grpc/examples v0.0.0-20250407062114-b368379ef8f6/go.mod h1:6ytKWczdvnpnO+m+JiG9NjEDzR1FJfsnmJdG7B8QVZ8=
google.golang.org/protobuf v1.36.11 h1:fV6ZwhNocDyBLK0dj+fg8ektcVegBBuEolpbTQyBNVE=
google.golang.org/protobuf v1.36.11/go.mod h1:HTf+CrKn2C3g5S8VImy6tdcUvCska2kB7j23XfzDpco=
gopkg.in/check.v1 v0.0.0-20161208181325-20d25e280405/go.mod h1:Co6ibVJAznAaIkqp8huTwlJQCZ016jof/cbN4VW5Yz0=
gopkg.in/check.v1 v1.0.0-20201130134442-10cb98267c6c h1:Hei/4ADfdWqJk1ZMxUNpqntNwaWcugrBjAiHlqqRiVk=
gopkg.in/check.v1 v1.0.0-20201130134442-10cb98267c6c/go.mod h1:JHkPIbrfpd72SG/EVd6muEfDQjcINNoR0C8j2r3qZ4Q=
gopkg.in/yaml.v3 v3.0.1 h1:fxVm/GzAzEWqLHuvctI91KS9hhNmmWOoWu0XTYJS7CA=
gopkg.in/yaml.v3 v3.0.1/go.mod h1:K4uyk7z7BCEPqu6E+C64Yfv1cQ7kz7rIZviUmN+EgEM=
lukechampine.com/uint128 v1.3.0/go.mod h1:c4eWIwlEGaxC/+H1VguhU4PHXNWDCDMUlWdIWl2j1gk=
modernc.org/cc/v3 v3.40.0/go.mod h1:/bTg4dnWkSXowUO6ssQKnOV0yMVxDYNIsIrzqTFDGH0=
modernc.org/ccgo/v3 v3.16.13/go.mod h1:2Quk+5YgpImhPjv2Qsob1DnZ/4som1lJTodubIcoUkY=
modernc.org/libc v1.22.4/go.mod h1:jj+Z7dTNX8fBScMVNRAYZ/jF91K8fdT2hYMThc3YjBY=
modernc.org/mathutil v1.5.0/go.mod h1:mZW8CKdRPY1v87qxC/wUdX5O1qDzXMP5TH3wjfpga6E=
modernc.org/memory v1.5.0/go.mod h1:PkUhL0Mugw21sHPeskwZW4D6VscE/GQJOnIpCnW6pSU=
modernc.org/opt v0.1.3/go.mod h1:WdSiB5evDcignE70guQKxYUl14mgWtbClRi5wmkkTX0=
modernc.org/sqlite v1.21.2/go.mod h1:cxbLkB5WS32DnQqeH4h4o1B0eMr8W/y8/RGuxQ3JsC0=
modernc.org/strutil v1.1.3/go.mod h1:MEHNA7PdEnEwLvspRMtWTNnp2nnyvMfkimT1NKNAGbw=
modernc.org/token v1.1.0/go.mod h1:UGzOrNV1mAFSEB63lOFHIpNRUVMvYTc6yu1SMY/XTDM=
